// !$*UTF8*$!
{
	archiveVersion = 1;
	classes = {
	};
	objectVersion = 55;
	objects = {

/* Begin PBXBuildFile section */
		6856A1C627B7F7030033E6B0 /* FirebaseAuth in Frameworks */ = {isa = PBXBuildFile; productRef = 6856A1C527B7F7030033E6B0 /* FirebaseAuth */; };
		6856A1C827B7F7030033E6B0 /* FirebaseDatabase in Frameworks */ = {isa = PBXBuildFile; productRef = 6856A1C727B7F7030033E6B0 /* FirebaseDatabase */; };
		6856A1CA27B7F7030033E6B0 /* FirebaseFirestore in Frameworks */ = {isa = PBXBuildFile; productRef = 6856A1C927B7F7030033E6B0 /* FirebaseFirestore */; };
		6856A1CC27B7F7030033E6B0 /* FirebaseMLModelDownloader in Frameworks */ = {isa = PBXBuildFile; productRef = 6856A1CB27B7F7030033E6B0 /* FirebaseMLModelDownloader */; };
		6856A1CE27B7F7030033E6B0 /* FirebaseStorage in Frameworks */ = {isa = PBXBuildFile; productRef = 6856A1CD27B7F7030033E6B0 /* FirebaseStorage */; };
		6856A1D627B8ED670033E6B0 /* MaskVideoViewController.swift in Sources */ = {isa = PBXBuildFile; fileRef = 6856A1D527B8ED670033E6B0 /* MaskVideoViewController.swift */; };
		6856A1E027BB5E900033E6B0 /* mask_model.mlmodel in Sources */ = {isa = PBXBuildFile; fileRef = 6856A1DF27BB5E900033E6B0 /* mask_model.mlmodel */; };
		6856A1E227BC2AD10033E6B0 /* EmotionViewController.swift in Sources */ = {isa = PBXBuildFile; fileRef = 6856A1E127BC2AD10033E6B0 /* EmotionViewController.swift */; };
		6856A1E427BC8BD70033E6B0 /* emotion_model.mlmodel in Sources */ = {isa = PBXBuildFile; fileRef = 6856A1E327BC8BD70033E6B0 /* emotion_model.mlmodel */; };
		68A89D7127BF36B600ACA24B /* ProfileFaceViewController.swift in Sources */ = {isa = PBXBuildFile; fileRef = 68A89D7027BF36B600ACA24B /* ProfileFaceViewController.swift */; };
		68A95D54277C366200F3E4F1 /* AppDelegate.swift in Sources */ = {isa = PBXBuildFile; fileRef = 68A95D53277C366200F3E4F1 /* AppDelegate.swift */; };
		68A95D56277C366200F3E4F1 /* SceneDelegate.swift in Sources */ = {isa = PBXBuildFile; fileRef = 68A95D55277C366200F3E4F1 /* SceneDelegate.swift */; };
		68A95D5B277C366200F3E4F1 /* Main.storyboard in Resources */ = {isa = PBXBuildFile; fileRef = 68A95D59277C366200F3E4F1 /* Main.storyboard */; };
		68A95D5D277C366300F3E4F1 /* Assets.xcassets in Resources */ = {isa = PBXBuildFile; fileRef = 68A95D5C277C366300F3E4F1 /* Assets.xcassets */; };
		68A95D60277C366300F3E4F1 /* LaunchScreen.storyboard in Resources */ = {isa = PBXBuildFile; fileRef = 68A95D5E277C366300F3E4F1 /* LaunchScreen.storyboard */; };
		68C67B5727B5331B0004FCA2 /* Extensions.swift in Sources */ = {isa = PBXBuildFile; fileRef = 68C67B5627B5331B0004FCA2 /* Extensions.swift */; };
		68C67B5A27B540C90004FCA2 /* SnapKit in Frameworks */ = {isa = PBXBuildFile; productRef = 68C67B5927B540C90004FCA2 /* SnapKit */; };
		68DCA04827CDD8B900B69D85 /* jupyter_script in Resources */ = {isa = PBXBuildFile; fileRef = 68DCA04527CDD8B900B69D85 /* jupyter_script */; };
		68DCA04927CDD8B900B69D85 /* delete_file in Resources */ = {isa = PBXBuildFile; fileRef = 68DCA04627CDD8B900B69D85 /* delete_file */; };
		68DCA04A27CDD8B900B69D85 /* google_colab in Resources */ = {isa = PBXBuildFile; fileRef = 68DCA04727CDD8B900B69D85 /* google_colab */; };
/* End PBXBuildFile section */

/* Begin PBXFileReference section */
		6856A1D527B8ED670033E6B0 /* MaskVideoViewController.swift */ = {isa = PBXFileReference; lastKnownFileType = sourcecode.swift; path = MaskVideoViewController.swift; sourceTree = "<group>"; };
		6856A1DF27BB5E900033E6B0 /* mask_model.mlmodel */ = {isa = PBXFileReference; lastKnownFileType = file.mlmodel; name = mask_model.mlmodel; path = movieDetection/MLModel/mask_model.mlmodel; sourceTree = SOURCE_ROOT; };
		6856A1E127BC2AD10033E6B0 /* EmotionViewController.swift */ = {isa = PBXFileReference; lastKnownFileType = sourcecode.swift; path = EmotionViewController.swift; sourceTree = "<group>"; };
		6856A1E327BC8BD70033E6B0 /* emotion_model.mlmodel */ = {isa = PBXFileReference; lastKnownFileType = file.mlmodel; name = emotion_model.mlmodel; path = movieDetection/MLModel/emotion_model.mlmodel; sourceTree = SOURCE_ROOT; };
		68A89D7027BF36B600ACA24B /* ProfileFaceViewController.swift */ = {isa = PBXFileReference; lastKnownFileType = sourcecode.swift; path = ProfileFaceViewController.swift; sourceTree = "<group>"; };
		68A95D50277C366200F3E4F1 /* movieDetection.app */ = {isa = PBXFileReference; explicitFileType = wrapper.application; includeInIndex = 0; path = movieDetection.app; sourceTree = BUILT_PRODUCTS_DIR; };
		68A95D53277C366200F3E4F1 /* AppDelegate.swift */ = {isa = PBXFileReference; lastKnownFileType = sourcecode.swift; path = AppDelegate.swift; sourceTree = "<group>"; };
		68A95D55277C366200F3E4F1 /* SceneDelegate.swift */ = {isa = PBXFileReference; lastKnownFileType = sourcecode.swift; path = SceneDelegate.swift; sourceTree = "<group>"; };
		68A95D5A277C366200F3E4F1 /* Base */ = {isa = PBXFileReference; lastKnownFileType = file.storyboard; name = Base; path = Base.lproj/Main.storyboard; sourceTree = "<group>"; };
		68A95D5C277C366300F3E4F1 /* Assets.xcassets */ = {isa = PBXFileReference; lastKnownFileType = folder.assetcatalog; path = Assets.xcassets; sourceTree = "<group>"; };
		68A95D5F277C366300F3E4F1 /* Base */ = {isa = PBXFileReference; lastKnownFileType = file.storyboard; name = Base; path = Base.lproj/LaunchScreen.storyboard; sourceTree = "<group>"; };
		68A95D61277C366300F3E4F1 /* Info.plist */ = {isa = PBXFileReference; lastKnownFileType = text.plist.xml; path = Info.plist; sourceTree = "<group>"; };
		68C67B5627B5331B0004FCA2 /* Extensions.swift */ = {isa = PBXFileReference; lastKnownFileType = sourcecode.swift; path = Extensions.swift; sourceTree = "<group>"; };
		68DCA04527CDD8B900B69D85 /* jupyter_script */ = {isa = PBXFileReference; fileEncoding = 4; lastKnownFileType = text; name = jupyter_script; path = Python_file/jupyter_script; sourceTree = SOURCE_ROOT; };
		68DCA04627CDD8B900B69D85 /* delete_file */ = {isa = PBXFileReference; fileEncoding = 4; lastKnownFileType = text; name = delete_file; path = Python_file/delete_file; sourceTree = SOURCE_ROOT; };
		68DCA04727CDD8B900B69D85 /* google_colab */ = {isa = PBXFileReference; fileEncoding = 4; lastKnownFileType = text; name = google_colab; path = Python_file/google_colab; sourceTree = SOURCE_ROOT; };
/* End PBXFileReference section */

/* Begin PBXFrameworksBuildPhase section */
		68A95D4D277C366200F3E4F1 /* Frameworks */ = {
			isa = PBXFrameworksBuildPhase;
			buildActionMask = 2147483647;
			files = (
				6856A1C827B7F7030033E6B0 /* FirebaseDatabase in Frameworks */,
				6856A1CA27B7F7030033E6B0 /* FirebaseFirestore in Frameworks */,
				6856A1CC27B7F7030033E6B0 /* FirebaseMLModelDownloader in Frameworks */,
				68C67B5A27B540C90004FCA2 /* SnapKit in Frameworks */,
				6856A1C627B7F7030033E6B0 /* FirebaseAuth in Frameworks */,
				6856A1CE27B7F7030033E6B0 /* FirebaseStorage in Frameworks */,
			);
			runOnlyForDeploymentPostprocessing = 0;
		};
/* End PBXFrameworksBuildPhase section */

/* Begin PBXGroup section */
		68A95D47277C366200F3E4F1 = {
			isa = PBXGroup;
			children = (
				68A95D52277C366200F3E4F1 /* movieDetection */,
				68A95D51277C366200F3E4F1 /* Products */,
			);
			sourceTree = "<group>";
		};
		68A95D51277C366200F3E4F1 /* Products */ = {
			isa = PBXGroup;
			children = (
				68A95D50277C366200F3E4F1 /* movieDetection.app */,
			);
			name = Products;
			sourceTree = "<group>";
		};
		68A95D52277C366200F3E4F1 /* movieDetection */ = {
			isa = PBXGroup;
			children = (
				68DCA04427CDD88E00B69D85 /* python_file */,
				68DCA04327CDD87D00B69D85 /* MLModel */,
				68A95D53277C366200F3E4F1 /* AppDelegate.swift */,
				68C67B5627B5331B0004FCA2 /* Extensions.swift */,
				68A95D55277C366200F3E4F1 /* SceneDelegate.swift */,
				68A89D7027BF36B600ACA24B /* ProfileFaceViewController.swift */,
				6856A1D527B8ED670033E6B0 /* MaskVideoViewController.swift */,
				6856A1E127BC2AD10033E6B0 /* EmotionViewController.swift */,
				68A95D59277C366200F3E4F1 /* Main.storyboard */,
				68A95D5C277C366300F3E4F1 /* Assets.xcassets */,
				68A95D5E277C366300F3E4F1 /* LaunchScreen.storyboard */,
				68A95D61277C366300F3E4F1 /* Info.plist */,
			);
			path = movieDetection;
			sourceTree = "<group>";
		};
		68DCA04327CDD87D00B69D85 /* MLModel */ = {
			isa = PBXGroup;
			children = (
				6856A1DF27BB5E900033E6B0 /* mask_model.mlmodel */,
				6856A1E327BC8BD70033E6B0 /* emotion_model.mlmodel */,
			);
			path = MLModel;
			sourceTree = "<group>";
		};
		68DCA04427CDD88E00B69D85 /* python_file */ = {
			isa = PBXGroup;
			children = (
				68DCA04627CDD8B900B69D85 /* delete_file */,
				68DCA04727CDD8B900B69D85 /* google_colab */,
				68DCA04527CDD8B900B69D85 /* jupyter_script */,
			);
			path = python_file;
			sourceTree = "<group>";
		};
/* End PBXGroup section */

/* Begin PBXNativeTarget section */
		68A95D4F277C366200F3E4F1 /* movieDetection */ = {
			isa = PBXNativeTarget;
			buildConfigurationList = 68A95D64277C366300F3E4F1 /* Build configuration list for PBXNativeTarget "movieDetection" */;
			buildPhases = (
				68A95D4C277C366200F3E4F1 /* Sources */,
				68A95D4D277C366200F3E4F1 /* Frameworks */,
				68A95D4E277C366200F3E4F1 /* Resources */,
			);
			buildRules = (
			);
			dependencies = (
			);
			name = movieDetection;
			packageProductDependencies = (
				68C67B5927B540C90004FCA2 /* SnapKit */,
				6856A1C527B7F7030033E6B0 /* FirebaseAuth */,
				6856A1C727B7F7030033E6B0 /* FirebaseDatabase */,
				6856A1C927B7F7030033E6B0 /* FirebaseFirestore */,
				6856A1CB27B7F7030033E6B0 /* FirebaseMLModelDownloader */,
				6856A1CD27B7F7030033E6B0 /* FirebaseStorage */,
			);
			productName = movieDetection;
			productReference = 68A95D50277C366200F3E4F1 /* movieDetection.app */;
			productType = "com.apple.product-type.application";
		};
/* End PBXNativeTarget section */

/* Begin PBXProject section */
		68A95D48277C366200F3E4F1 /* Project object */ = {
			isa = PBXProject;
			attributes = {
				BuildIndependentTargetsInParallel = 1;
				LastSwiftUpdateCheck = 1300;
				LastUpgradeCheck = 1300;
				TargetAttributes = {
					68A95D4F277C366200F3E4F1 = {
						CreatedOnToolsVersion = 13.0;
					};
				};
			};
			buildConfigurationList = 68A95D4B277C366200F3E4F1 /* Build configuration list for PBXProject "movieDetection" */;
			compatibilityVersion = "Xcode 13.0";
			developmentRegion = en;
			hasScannedForEncodings = 0;
			knownRegions = (
				en,
				Base,
			);
			mainGroup = 68A95D47277C366200F3E4F1;
			packageReferences = (
				68C67B5827B540C90004FCA2 /* XCRemoteSwiftPackageReference "SnapKit" */,
				6856A1C427B7F7030033E6B0 /* XCRemoteSwiftPackageReference "firebase-ios-sdk" */,
			);
			productRefGroup = 68A95D51277C366200F3E4F1 /* Products */;
			projectDirPath = "";
			projectRoot = "";
			targets = (
				68A95D4F277C366200F3E4F1 /* movieDetection */,
			);
		};
/* End PBXProject section */

/* Begin PBXResourcesBuildPhase section */
		68A95D4E277C366200F3E4F1 /* Resources */ = {
			isa = PBXResourcesBuildPhase;
			buildActionMask = 2147483647;
			files = (
				68A95D60277C366300F3E4F1 /* LaunchScreen.storyboard in Resources */,
				68DCA04A27CDD8B900B69D85 /* google_colab in Resources */,
				68DCA04827CDD8B900B69D85 /* jupyter_script in Resources */,
				68DCA04927CDD8B900B69D85 /* delete_file in Resources */,
				68A95D5D277C366300F3E4F1 /* Assets.xcassets in Resources */,
				68A95D5B277C366200F3E4F1 /* Main.storyboard in Resources */,
			);
			runOnlyForDeploymentPostprocessing = 0;
		};
/* End PBXResourcesBuildPhase section */

/* Begin PBXSourcesBuildPhase section */
		68A95D4C277C366200F3E4F1 /* Sources */ = {
			isa = PBXSourcesBuildPhase;
			buildActionMask = 2147483647;
			files = (
				6856A1E227BC2AD10033E6B0 /* EmotionViewController.swift in Sources */,
				6856A1D627B8ED670033E6B0 /* MaskVideoViewController.swift in Sources */,
				68A95D54277C366200F3E4F1 /* AppDelegate.swift in Sources */,
				6856A1E427BC8BD70033E6B0 /* emotion_model.mlmodel in Sources */,
				6856A1E027BB5E900033E6B0 /* mask_model.mlmodel in Sources */,
				68A95D56277C366200F3E4F1 /* SceneDelegate.swift in Sources */,
				68A89D7127BF36B600ACA24B /* ProfileFaceViewController.swift in Sources */,
				68C67B5727B5331B0004FCA2 /* Extensions.swift in Sources */,
			);
			runOnlyForDeploymentPostprocessing = 0;
		};
/* End PBXSourcesBuildPhase section */

/* Begin PBXVariantGroup section */
		68A95D59277C366200F3E4F1 /* Main.storyboard */ = {
			isa = PBXVariantGroup;
			children = (
				68A95D5A277C366200F3E4F1 /* Base */,
			);
			name = Main.storyboard;
			sourceTree = "<group>";
		};
		68A95D5E277C366300F3E4F1 /* LaunchScreen.storyboard */ = {
			isa = PBXVariantGroup;
			children = (
				68A95D5F277C366300F3E4F1 /* Base */,
			);
			name = LaunchScreen.storyboard;
			sourceTree = "<group>";
		};
/* End PBXVariantGroup section */

/* Begin XCBuildConfiguration section */
		68A95D62277C366300F3E4F1 /* Debug */ = {
			isa = XCBuildConfiguration;
			buildSettings = {
				ALWAYS_SEARCH_USER_PATHS = NO;
				CLANG_ANALYZER_NONNULL = YES;
				CLANG_ANALYZER_NUMBER_OBJECT_CONVERSION = YES_AGGRESSIVE;
				CLANG_CXX_LANGUAGE_STANDARD = "gnu++17";
				CLANG_CXX_LIBRARY = "libc++";
				CLANG_ENABLE_MODULES = YES;
				CLANG_ENABLE_OBJC_ARC = YES;
				CLANG_ENABLE_OBJC_WEAK = YES;
				CLANG_WARN_BLOCK_CAPTURE_AUTORELEASING = YES;
				CLANG_WARN_BOOL_CONVERSION = YES;
				CLANG_WARN_COMMA = YES;
				CLANG_WARN_CONSTANT_CONVERSION = YES;
				CLANG_WARN_DEPRECATED_OBJC_IMPLEMENTATIONS = YES;
				CLANG_WARN_DIRECT_OBJC_ISA_USAGE = YES_ERROR;
				CLANG_WARN_DOCUMENTATION_COMMENTS = YES;
				CLANG_WARN_EMPTY_BODY = YES;
				CLANG_WARN_ENUM_CONVERSION = YES;
				CLANG_WARN_INFINITE_RECURSION = YES;
				CLANG_WARN_INT_CONVERSION = YES;
				CLANG_WARN_NON_LITERAL_NULL_CONVERSION = YES;
				CLANG_WARN_OBJC_IMPLICIT_RETAIN_SELF = YES;
				CLANG_WARN_OBJC_LITERAL_CONVERSION = YES;
				CLANG_WARN_OBJC_ROOT_CLASS = YES_ERROR;
				CLANG_WARN_QUOTED_INCLUDE_IN_FRAMEWORK_HEADER = YES;
				CLANG_WARN_RANGE_LOOP_ANALYSIS = YES;
				CLANG_WARN_STRICT_PROTOTYPES = YES;
				CLANG_WARN_SUSPICIOUS_MOVE = YES;
				CLANG_WARN_UNGUARDED_AVAILABILITY = YES_AGGRESSIVE;
				CLANG_WARN_UNREACHABLE_CODE = YES;
				CLANG_WARN__DUPLICATE_METHOD_MATCH = YES;
				COPY_PHASE_STRIP = NO;
				DEBUG_INFORMATION_FORMAT = dwarf;
				ENABLE_STRICT_OBJC_MSGSEND = YES;
				ENABLE_TESTABILITY = YES;
				GCC_C_LANGUAGE_STANDARD = gnu11;
				GCC_DYNAMIC_NO_PIC = NO;
				GCC_NO_COMMON_BLOCKS = YES;
				GCC_OPTIMIZATION_LEVEL = 0;
				GCC_PREPROCESSOR_DEFINITIONS = (
					"DEBUG=1",
					"$(inherited)",
				);
				GCC_WARN_64_TO_32_BIT_CONVERSION = YES;
				GCC_WARN_ABOUT_RETURN_TYPE = YES_ERROR;
				GCC_WARN_UNDECLARED_SELECTOR = YES;
				GCC_WARN_UNINITIALIZED_AUTOS = YES_AGGRESSIVE;
				GCC_WARN_UNUSED_FUNCTION = YES;
				GCC_WARN_UNUSED_VARIABLE = YES;
				IPHONEOS_DEPLOYMENT_TARGET = 15.0;
				MTL_ENABLE_DEBUG_INFO = INCLUDE_SOURCE;
				MTL_FAST_MATH = YES;
				ONLY_ACTIVE_ARCH = YES;
				SDKROOT = iphoneos;
				SWIFT_ACTIVE_COMPILATION_CONDITIONS = DEBUG;
				SWIFT_OPTIMIZATION_LEVEL = "-Onone";
			};
			name = Debug;
		};
		68A95D63277C366300F3E4F1 /* Release */ = {
			isa = XCBuildConfiguration;
			buildSettings = {
				ALWAYS_SEARCH_USER_PATHS = NO;
				CLANG_ANALYZER_NONNULL = YES;
				CLANG_ANALYZER_NUMBER_OBJECT_CONVERSION = YES_AGGRESSIVE;
				CLANG_CXX_LANGUAGE_STANDARD = "gnu++17";
				CLANG_CXX_LIBRARY = "libc++";
				CLANG_ENABLE_MODULES = YES;
				CLANG_ENABLE_OBJC_ARC = YES;
				CLANG_ENABLE_OBJC_WEAK = YES;
				CLANG_WARN_BLOCK_CAPTURE_AUTORELEASING = YES;
				CLANG_WARN_BOOL_CONVERSION = YES;
				CLANG_WARN_COMMA = YES;
				CLANG_WARN_CONSTANT_CONVERSION = YES;
				CLANG_WARN_DEPRECATED_OBJC_IMPLEMENTATIONS = YES;
				CLANG_WARN_DIRECT_OBJC_ISA_USAGE = YES_ERROR;
				CLANG_WARN_DOCUMENTATION_COMMENTS = YES;
				CLANG_WARN_EMPTY_BODY = YES;
				CLANG_WARN_ENUM_CONVERSION = YES;
				CLANG_WARN_INFINITE_RECURSION = YES;
				CLANG_WARN_INT_CONVERSION = YES;
				CLANG_WARN_NON_LITERAL_NULL_CONVERSION = YES;
				CLANG_WARN_OBJC_IMPLICIT_RETAIN_SELF = YES;
				CLANG_WARN_OBJC_LITERAL_CONVERSION = YES;
				CLANG_WARN_OBJC_ROOT_CLASS = YES_ERROR;
				CLANG_WARN_QUOTED_INCLUDE_IN_FRAMEWORK_HEADER = YES;
				CLANG_WARN_RANGE_LOOP_ANALYSIS = YES;
				CLANG_WARN_STRICT_PROTOTYPES = YES;
				CLANG_WARN_SUSPICIOUS_MOVE = YES;
				CLANG_WARN_UNGUARDED_AVAILABILITY = YES_AGGRESSIVE;
				CLANG_WARN_UNREACHABLE_CODE = YES;
				CLANG_WARN__DUPLICATE_METHOD_MATCH = YES;
				COPY_PHASE_STRIP = NO;
				DEBUG_INFORMATION_FORMAT = "dwarf-with-dsym";
				ENABLE_NS_ASSERTIONS = NO;
				ENABLE_STRICT_OBJC_MSGSEND = YES;
				GCC_C_LANGUAGE_STANDARD = gnu11;
				GCC_NO_COMMON_BLOCKS = YES;
				GCC_WARN_64_TO_32_BIT_CONVERSION = YES;
				GCC_WARN_ABOUT_RETURN_TYPE = YES_ERROR;
				GCC_WARN_UNDECLARED_SELECTOR = YES;
				GCC_WARN_UNINITIALIZED_AUTOS = YES_AGGRESSIVE;
				GCC_WARN_UNUSED_FUNCTION = YES;
				GCC_WARN_UNUSED_VARIABLE = YES;
				IPHONEOS_DEPLOYMENT_TARGET = 15.0;
				MTL_ENABLE_DEBUG_INFO = NO;
				MTL_FAST_MATH = YES;
				SDKROOT = iphoneos;
				SWIFT_COMPILATION_MODE = wholemodule;
				SWIFT_OPTIMIZATION_LEVEL = "-O";
				VALIDATE_PRODUCT = YES;
			};
			name = Release;
		};
		68A95D65277C366300F3E4F1 /* Debug */ = {
			isa = XCBuildConfiguration;
			buildSettings = {
				ASSETCATALOG_COMPILER_APPICON_NAME = AppIcon;
				ASSETCATALOG_COMPILER_GLOBAL_ACCENT_COLOR_NAME = AccentColor;
				CODE_SIGN_STYLE = Automatic;
				CURRENT_PROJECT_VERSION = 1;
				DEVELOPMENT_TEAM = 2FZRK6M67D;
				GENERATE_INFOPLIST_FILE = YES;
				INFOPLIST_FILE = movieDetection/Info.plist;
				INFOPLIST_KEY_CFBundleDisplayName = "装着認識";
				INFOPLIST_KEY_NSCameraUsageDescription = "We need Camera Access";
				INFOPLIST_KEY_UIApplicationSupportsIndirectInputEvents = YES;
				INFOPLIST_KEY_UILaunchStoryboardName = LaunchScreen;
				INFOPLIST_KEY_UIMainStoryboardFile = Main;
				INFOPLIST_KEY_UISupportedInterfaceOrientations_iPad = "UIInterfaceOrientationPortrait UIInterfaceOrientationPortraitUpsideDown UIInterfaceOrientationLandscapeLeft UIInterfaceOrientationLandscapeRight";
				INFOPLIST_KEY_UISupportedInterfaceOrientations_iPhone = "UIInterfaceOrientationPortrait UIInterfaceOrientationLandscapeLeft UIInterfaceOrientationLandscapeRight";
				LD_RUNPATH_SEARCH_PATHS = (
					"$(inherited)",
					"@executable_path/Frameworks",
				);
				MARKETING_VERSION = 1.0;
				PRODUCT_BUNDLE_IDENTIFIER = jp.softbank.i.tktaaa1124.movieDetection;
				PRODUCT_NAME = "$(TARGET_NAME)";
				SWIFT_EMIT_LOC_STRINGS = YES;
				SWIFT_VERSION = 5.0;
				TARGETED_DEVICE_FAMILY = "1,2";
			};
			name = Debug;
		};
		68A95D66277C366300F3E4F1 /* Release */ = {
			isa = XCBuildConfiguration;
			buildSettings = {
				ASSETCATALOG_COMPILER_APPICON_NAME = AppIcon;
				ASSETCATALOG_COMPILER_GLOBAL_ACCENT_COLOR_NAME = AccentColor;
				CODE_SIGN_STYLE = Automatic;
				CURRENT_PROJECT_VERSION = 1;
				DEVELOPMENT_TEAM = 2FZRK6M67D;
				GENERATE_INFOPLIST_FILE = YES;
				INFOPLIST_FILE = movieDetection/Info.plist;
				INFOPLIST_KEY_CFBundleDisplayName = "装着認識";
				INFOPLIST_KEY_NSCameraUsageDescription = "We need Camera Access";
				INFOPLIST_KEY_UIApplicationSupportsIndirectInputEvents = YES;
				INFOPLIST_KEY_UILaunchStoryboardName = LaunchScreen;
				INFOPLIST_KEY_UIMainStoryboardFile = Main;
				INFOPLIST_KEY_UISupportedInterfaceOrientations_iPad = "UIInterfaceOrientationPortrait UIInterfaceOrientationPortraitUpsideDown UIInterfaceOrientationLandscapeLeft UIInterfaceOrientationLandscapeRight";
				INFOPLIST_KEY_UISupportedInterfaceOrientations_iPhone = "UIInterfaceOrientationPortrait UIInterfaceOrientationLandscapeLeft UIInterfaceOrientationLandscapeRight";
				LD_RUNPATH_SEARCH_PATHS = (
					"$(inherited)",
					"@executable_path/Frameworks",
				);
				MARKETING_VERSION = 1.0;
				PRODUCT_BUNDLE_IDENTIFIER = jp.softbank.i.tktaaa1124.movieDetection;
				PRODUCT_NAME = "$(TARGET_NAME)";
				SWIFT_EMIT_LOC_STRINGS = YES;
				SWIFT_VERSION = 5.0;
				TARGETED_DEVICE_FAMILY = "1,2";
			};
			name = Release;
		};
/* End XCBuildConfiguration section */

/* Begin XCConfigurationList section */
		68A95D4B277C366200F3E4F1 /* Build configuration list for PBXProject "movieDetection" */ = {
			isa = XCConfigurationList;
			buildConfigurations = (
				68A95D62277C366300F3E4F1 /* Debug */,
				68A95D63277C366300F3E4F1 /* Release */,
			);
			defaultConfigurationIsVisible = 0;
			defaultConfigurationName = Release;
		};
		68A95D64277C366300F3E4F1 /* Build configuration list for PBXNativeTarget "movieDetection" */ = {
			isa = XCConfigurationList;
			buildConfigurations = (
				68A95D65277C366300F3E4F1 /* Debug */,
				68A95D66277C366300F3E4F1 /* Release */,
			);
			defaultConfigurationIsVisible = 0;
			defaultConfigurationName = Release;
		};
/* End XCConfigurationList section */

/* Begin XCRemoteSwiftPackageReference section */
		6856A1C427B7F7030033E6B0 /* XCRemoteSwiftPackageReference "firebase-ios-sdk" */ = {
			isa = XCRemoteSwiftPackageReference;
			repositoryURL = "https://github.com/firebase/firebase-ios-sdk";
			requirement = {
				kind = exactVersion;
				version = 8.9.1;
			};
		};
		68C67B5827B540C90004FCA2 /* XCRemoteSwiftPackageReference "SnapKit" */ = {
			isa = XCRemoteSwiftPackageReference;
			repositoryURL = "https://github.com/SnapKit/SnapKit";
			requirement = {
				kind = exactVersion;
				version = 5.0.1;
			};
		};
/* End XCRemoteSwiftPackageReference section */

/* Begin XCSwiftPackageProductDependency section */
		6856A1C527B7F7030033E6B0 /* FirebaseAuth */ = {
			isa = XCSwiftPackageProductDependency;
			package = 6856A1C427B7F7030033E6B0 /* XCRemoteSwiftPackageReference "firebase-ios-sdk" */;
			productName = FirebaseAuth;
		};
		6856A1C727B7F7030033E6B0 /* FirebaseDatabase */ = {
			isa = XCSwiftPackageProductDependency;
			package = 6856A1C427B7F7030033E6B0 /* XCRemoteSwiftPackageReference "firebase-ios-sdk" */;
			productName = FirebaseDatabase;
		};
		6856A1C927B7F7030033E6B0 /* FirebaseFirestore */ = {
			isa = XCSwiftPackageProductDependency;
			package = 6856A1C427B7F7030033E6B0 /* XCRemoteSwiftPackageReference "firebase-ios-sdk" */;
			productName = FirebaseFirestore;
		};
		6856A1CB27B7F7030033E6B0 /* FirebaseMLModelDownloader */ = {
			isa = XCSwiftPackageProductDependency;
			package = 6856A1C427B7F7030033E6B0 /* XCRemoteSwiftPackageReference "firebase-ios-sdk" */;
			productName = FirebaseMLModelDownloader;
		};
		6856A1CD27B7F7030033E6B0 /* FirebaseStorage */ = {
			isa = XCSwiftPackageProductDependency;
			package = 6856A1C427B7F7030033E6B0 /* XCRemoteSwiftPackageReference "firebase-ios-sdk" */;
			productName = FirebaseStorage;
		};
		68C67B5927B540C90004FCA2 /* SnapKit */ = {
			isa = XCSwiftPackageProductDependency;
			package = 68C67B5827B540C90004FCA2 /* XCRemoteSwiftPackageReference "SnapKit" */;
			productName = SnapKit;
		};
/* End XCSwiftPackageProductDependency section */
	};
	rootObject = 68A95D48277C366200F3E4F1 /* Project object */;
}
